// !$*UTF8*$!
{
	archiveVersion = 1;
	classes = {
	};
	objectVersion = 50;
	objects = {

/* Begin PBXBuildFile section */
		2C0B794025D447FE007D18D3 /* LoginTextField.swift in Sources */ = {isa = PBXBuildFile; fileRef = 2C0B793F25D447FE007D18D3 /* LoginTextField.swift */; };
		2C1F917B25D9762100BCCD87 /* AsyncOperation.swift in Sources */ = {isa = PBXBuildFile; fileRef = 2C1F917A25D9762100BCCD87 /* AsyncOperation.swift */; };
		2C1F917F25D9776100BCCD87 /* ImageDownloadOperation.swift in Sources */ = {isa = PBXBuildFile; fileRef = 2C1F917E25D9776100BCCD87 /* ImageDownloadOperation.swift */; };
		2C1F918225D97B9B00BCCD87 /* NetworkingManager.swift in Sources */ = {isa = PBXBuildFile; fileRef = 2C1F918125D97B9B00BCCD87 /* NetworkingManager.swift */; };
		2C69E85F25D8D964008502D8 /* TrendingReusableView.swift in Sources */ = {isa = PBXBuildFile; fileRef = 2C69E85E25D8D964008502D8 /* TrendingReusableView.swift */; };
		2C88EFB425D07AF000150D54 /* ScrollingNavigationView.swift in Sources */ = {isa = PBXBuildFile; fileRef = 2C88EFB325D07AF000150D54 /* ScrollingNavigationView.swift */; };
		2CAE2F6825D88F8E00DCC243 /* HomeViewController.swift in Sources */ = {isa = PBXBuildFile; fileRef = 2CAE2F6725D88F8E00DCC243 /* HomeViewController.swift */; };
		2CAE2F7325D895AB00DCC243 /* HomeViewController+SearchControllerViews.swift in Sources */ = {isa = PBXBuildFile; fileRef = 2CAE2F7225D895AB00DCC243 /* HomeViewController+SearchControllerViews.swift */; };
		2CAE645725D37788009A31F6 /* LoginView.swift in Sources */ = {isa = PBXBuildFile; fileRef = 2CAE645625D37788009A31F6 /* LoginView.swift */; };
		2CAF5EEC25D5EA31000322B9 /* DetailViewController.swift in Sources */ = {isa = PBXBuildFile; fileRef = 2CAF5EEB25D5EA31000322B9 /* DetailViewController.swift */; };
		2CAF5EF025D60095000322B9 /* DetailAnimator.swift in Sources */ = {isa = PBXBuildFile; fileRef = 2CAF5EEF25D60095000322B9 /* DetailAnimator.swift */; };
		2CAF5EF325D6D55A000322B9 /* DetailActionButton.swift in Sources */ = {isa = PBXBuildFile; fileRef = 2CAF5EF225D6D55A000322B9 /* DetailActionButton.swift */; };
		2CBADA7525D897FC0049935C /* Trending.swift in Sources */ = {isa = PBXBuildFile; fileRef = 2CBADA7425D897FC0049935C /* Trending.swift */; };
		2CBADA7825D89A330049935C /* TrendingCell.swift in Sources */ = {isa = PBXBuildFile; fileRef = 2CBADA7725D89A330049935C /* TrendingCell.swift */; };
		2CD3C29D25CF04BB00BC0507 /* AppDelegate.swift in Sources */ = {isa = PBXBuildFile; fileRef = 2CD3C29C25CF04BB00BC0507 /* AppDelegate.swift */; };
		2CD3C2A425CF04BB00BC0507 /* Main.storyboard in Resources */ = {isa = PBXBuildFile; fileRef = 2CD3C2A225CF04BB00BC0507 /* Main.storyboard */; };
		2CD3C2A625CF04BE00BC0507 /* Assets.xcassets in Resources */ = {isa = PBXBuildFile; fileRef = 2CD3C2A525CF04BE00BC0507 /* Assets.xcassets */; };
		2CD3C2A925CF04BE00BC0507 /* LaunchScreen.storyboard in Resources */ = {isa = PBXBuildFile; fileRef = 2CD3C2A725CF04BE00BC0507 /* LaunchScreen.storyboard */; };
		2CD3C2C925CF652600BC0507 /* HomeImageCell.swift in Sources */ = {isa = PBXBuildFile; fileRef = 2CD3C2C825CF652600BC0507 /* HomeImageCell.swift */; };
		2CD3C2CC25CF654900BC0507 /* ImageShadowOverlayView.swift in Sources */ = {isa = PBXBuildFile; fileRef = 2CD3C2CB25CF654900BC0507 /* ImageShadowOverlayView.swift */; };
		2CD3C2D125CF686D00BC0507 /* ImagePlaceholder.swift in Sources */ = {isa = PBXBuildFile; fileRef = 2CD3C2D025CF686D00BC0507 /* ImagePlaceholder.swift */; };
		2CD3C2D525CF8B3500BC0507 /* HomeOrthogonalCell.swift in Sources */ = {isa = PBXBuildFile; fileRef = 2CD3C2D425CF8B3500BC0507 /* HomeOrthogonalCell.swift */; };
		2CD3C2D825CF97F100BC0507 /* HomeCollectionReusableView.swift in Sources */ = {isa = PBXBuildFile; fileRef = 2CD3C2D725CF97F100BC0507 /* HomeCollectionReusableView.swift */; };
		2CF14ED625D30EF4000F1210 /* MenuViewController.swift in Sources */ = {isa = PBXBuildFile; fileRef = 2CF14ED525D30EF4000F1210 /* MenuViewController.swift */; };
		2CF14ED925D3192E000F1210 /* MenuTopView.swift in Sources */ = {isa = PBXBuildFile; fileRef = 2CF14ED825D3192E000F1210 /* MenuTopView.swift */; };
		2CF14EDD25D31F7A000F1210 /* UIColor+extensions.swift in Sources */ = {isa = PBXBuildFile; fileRef = 2CF14EDC25D31F7A000F1210 /* UIColor+extensions.swift */; };
		2CF14EE025D321A5000F1210 /* MenuView.swift in Sources */ = {isa = PBXBuildFile; fileRef = 2CF14EDF25D321A5000F1210 /* MenuView.swift */; };
		2CF14EE625D33151000F1210 /* UIButton+extensions.swift in Sources */ = {isa = PBXBuildFile; fileRef = 2CF14EE525D33151000F1210 /* UIButton+extensions.swift */; };
/* End PBXBuildFile section */

/* Begin PBXFileReference section */
		2C0B793F25D447FE007D18D3 /* LoginTextField.swift */ = {isa = PBXFileReference; lastKnownFileType = sourcecode.swift; path = LoginTextField.swift; sourceTree = "<group>"; };
		2C1F917A25D9762100BCCD87 /* AsyncOperation.swift */ = {isa = PBXFileReference; lastKnownFileType = sourcecode.swift; path = AsyncOperation.swift; sourceTree = "<group>"; };
		2C1F917E25D9776100BCCD87 /* ImageDownloadOperation.swift */ = {isa = PBXFileReference; lastKnownFileType = sourcecode.swift; path = ImageDownloadOperation.swift; sourceTree = "<group>"; };
		2C1F918125D97B9B00BCCD87 /* NetworkingManager.swift */ = {isa = PBXFileReference; lastKnownFileType = sourcecode.swift; path = NetworkingManager.swift; sourceTree = "<group>"; };
		2C69E85E25D8D964008502D8 /* TrendingReusableView.swift */ = {isa = PBXFileReference; lastKnownFileType = sourcecode.swift; path = TrendingReusableView.swift; sourceTree = "<group>"; };
		2C88EFB325D07AF000150D54 /* ScrollingNavigationView.swift */ = {isa = PBXFileReference; lastKnownFileType = sourcecode.swift; path = ScrollingNavigationView.swift; sourceTree = "<group>"; };
		2CAE2F6725D88F8E00DCC243 /* HomeViewController.swift */ = {isa = PBXFileReference; fileEncoding = 4; lastKnownFileType = sourcecode.swift; path = HomeViewController.swift; sourceTree = "<group>"; };
		2CAE2F7225D895AB00DCC243 /* HomeViewController+SearchControllerViews.swift */ = {isa = PBXFileReference; lastKnownFileType = sourcecode.swift; path = "HomeViewController+SearchControllerViews.swift"; sourceTree = "<group>"; };
		2CAE645625D37788009A31F6 /* LoginView.swift */ = {isa = PBXFileReference; lastKnownFileType = sourcecode.swift; path = LoginView.swift; sourceTree = "<group>"; };
		2CAF5EEB25D5EA31000322B9 /* DetailViewController.swift */ = {isa = PBXFileReference; lastKnownFileType = sourcecode.swift; path = DetailViewController.swift; sourceTree = "<group>"; };
		2CAF5EEF25D60095000322B9 /* DetailAnimator.swift */ = {isa = PBXFileReference; lastKnownFileType = sourcecode.swift; path = DetailAnimator.swift; sourceTree = "<group>"; };
		2CAF5EF225D6D55A000322B9 /* DetailActionButton.swift */ = {isa = PBXFileReference; lastKnownFileType = sourcecode.swift; path = DetailActionButton.swift; sourceTree = "<group>"; };
		2CBADA7425D897FC0049935C /* Trending.swift */ = {isa = PBXFileReference; lastKnownFileType = sourcecode.swift; path = Trending.swift; sourceTree = "<group>"; };
		2CBADA7725D89A330049935C /* TrendingCell.swift */ = {isa = PBXFileReference; lastKnownFileType = sourcecode.swift; path = TrendingCell.swift; sourceTree = "<group>"; };
		2CD3C29925CF04BB00BC0507 /* PicSplash.app */ = {isa = PBXFileReference; explicitFileType = wrapper.application; includeInIndex = 0; path = PicSplash.app; sourceTree = BUILT_PRODUCTS_DIR; };
		2CD3C29C25CF04BB00BC0507 /* AppDelegate.swift */ = {isa = PBXFileReference; lastKnownFileType = sourcecode.swift; path = AppDelegate.swift; sourceTree = "<group>"; };
		2CD3C2A325CF04BB00BC0507 /* Base */ = {isa = PBXFileReference; lastKnownFileType = file.storyboard; name = Base; path = Base.lproj/Main.storyboard; sourceTree = "<group>"; };
		2CD3C2A525CF04BE00BC0507 /* Assets.xcassets */ = {isa = PBXFileReference; lastKnownFileType = folder.assetcatalog; path = Assets.xcassets; sourceTree = "<group>"; };
		2CD3C2A825CF04BE00BC0507 /* Base */ = {isa = PBXFileReference; lastKnownFileType = file.storyboard; name = Base; path = Base.lproj/LaunchScreen.storyboard; sourceTree = "<group>"; };
		2CD3C2AA25CF04BE00BC0507 /* Info.plist */ = {isa = PBXFileReference; lastKnownFileType = text.plist.xml; path = Info.plist; sourceTree = "<group>"; };
		2CD3C2C825CF652600BC0507 /* HomeImageCell.swift */ = {isa = PBXFileReference; fileEncoding = 4; lastKnownFileType = sourcecode.swift; path = HomeImageCell.swift; sourceTree = "<group>"; };
		2CD3C2CB25CF654900BC0507 /* ImageShadowOverlayView.swift */ = {isa = PBXFileReference; lastKnownFileType = sourcecode.swift; path = ImageShadowOverlayView.swift; sourceTree = "<group>"; };
		2CD3C2D025CF686D00BC0507 /* ImagePlaceholder.swift */ = {isa = PBXFileReference; lastKnownFileType = sourcecode.swift; path = ImagePlaceholder.swift; sourceTree = "<group>"; };
		2CD3C2D425CF8B3500BC0507 /* HomeOrthogonalCell.swift */ = {isa = PBXFileReference; lastKnownFileType = sourcecode.swift; path = HomeOrthogonalCell.swift; sourceTree = "<group>"; };
		2CD3C2D725CF97F100BC0507 /* HomeCollectionReusableView.swift */ = {isa = PBXFileReference; lastKnownFileType = sourcecode.swift; path = HomeCollectionReusableView.swift; sourceTree = "<group>"; };
		2CF14ED525D30EF4000F1210 /* MenuViewController.swift */ = {isa = PBXFileReference; lastKnownFileType = sourcecode.swift; path = MenuViewController.swift; sourceTree = "<group>"; };
		2CF14ED825D3192E000F1210 /* MenuTopView.swift */ = {isa = PBXFileReference; lastKnownFileType = sourcecode.swift; path = MenuTopView.swift; sourceTree = "<group>"; };
		2CF14EDC25D31F7A000F1210 /* UIColor+extensions.swift */ = {isa = PBXFileReference; lastKnownFileType = sourcecode.swift; path = "UIColor+extensions.swift"; sourceTree = "<group>"; };
		2CF14EDF25D321A5000F1210 /* MenuView.swift */ = {isa = PBXFileReference; lastKnownFileType = sourcecode.swift; path = MenuView.swift; sourceTree = "<group>"; };
		2CF14EE525D33151000F1210 /* UIButton+extensions.swift */ = {isa = PBXFileReference; lastKnownFileType = sourcecode.swift; path = "UIButton+extensions.swift"; sourceTree = "<group>"; };
/* End PBXFileReference section */

/* Begin PBXFrameworksBuildPhase section */
		2CD3C29625CF04BB00BC0507 /* Frameworks */ = {
			isa = PBXFrameworksBuildPhase;
			buildActionMask = 2147483647;
			files = (
			);
			runOnlyForDeploymentPostprocessing = 0;
		};
/* End PBXFrameworksBuildPhase section */

/* Begin PBXGroup section */
		2C1F917D25D9770500BCCD87 /* Networking */ = {
			isa = PBXGroup;
			children = (
				2C1F917E25D9776100BCCD87 /* ImageDownloadOperation.swift */,
				2C1F918125D97B9B00BCCD87 /* NetworkingManager.swift */,
			);
			path = Networking;
			sourceTree = "<group>";
		};
		2CAE2F6625D88F8E00DCC243 /* Home */ = {
			isa = PBXGroup;
			children = (
				2CAE2F6725D88F8E00DCC243 /* HomeViewController.swift */,
				2CAE2F7225D895AB00DCC243 /* HomeViewController+SearchControllerViews.swift */,
			);
			path = Home;
			sourceTree = "<group>";
		};
		2CAF5EEE25D6008D000322B9 /* Helpers */ = {
			isa = PBXGroup;
			children = (
				2CAF5EEF25D60095000322B9 /* DetailAnimator.swift */,
				2C1F917A25D9762100BCCD87 /* AsyncOperation.swift */,
			);
			path = Helpers;
			sourceTree = "<group>";
		};
		2CD3C29025CF04BB00BC0507 = {
			isa = PBXGroup;
			children = (
				2CD3C29B25CF04BB00BC0507 /* PicSplash */,
				2CD3C29A25CF04BB00BC0507 /* Products */,
			);
			sourceTree = "<group>";
		};
		2CD3C29A25CF04BB00BC0507 /* Products */ = {
			isa = PBXGroup;
			children = (
				2CD3C29925CF04BB00BC0507 /* PicSplash.app */,
			);
			name = Products;
			sourceTree = "<group>";
		};
		2CD3C29B25CF04BB00BC0507 /* PicSplash */ = {
			isa = PBXGroup;
			children = (
				2C1F917D25D9770500BCCD87 /* Networking */,
				2CAF5EEE25D6008D000322B9 /* Helpers */,
				2CF14EDB25D31F65000F1210 /* Extensions */,
				2CD3C2BB25CF49A400BC0507 /* Controllers */,
				2CD3C2CE25CF682E00BC0507 /* Models */,
				2CD3C2C625CF652600BC0507 /* Views */,
				2CD3C2B325CF052C00BC0507 /* Storyboards */,
				2CD3C2B525CF054300BC0507 /* Supporting Files */,
				2CD3C29C25CF04BB00BC0507 /* AppDelegate.swift */,
			);
			path = PicSplash;
			sourceTree = "<group>";
		};
		2CD3C2B325CF052C00BC0507 /* Storyboards */ = {
			isa = PBXGroup;
			children = (
				2CD3C2A225CF04BB00BC0507 /* Main.storyboard */,
				2CD3C2A725CF04BE00BC0507 /* LaunchScreen.storyboard */,
			);
			name = Storyboards;
			sourceTree = "<group>";
		};
		2CD3C2B525CF054300BC0507 /* Supporting Files */ = {
			isa = PBXGroup;
			children = (
				2CD3C2A525CF04BE00BC0507 /* Assets.xcassets */,
				2CD3C2AA25CF04BE00BC0507 /* Info.plist */,
			);
			name = "Supporting Files";
			sourceTree = "<group>";
		};
		2CD3C2BB25CF49A400BC0507 /* Controllers */ = {
			isa = PBXGroup;
			children = (
				2CAE2F6625D88F8E00DCC243 /* Home */,
				2CF14ED525D30EF4000F1210 /* MenuViewController.swift */,
				2CAF5EEB25D5EA31000322B9 /* DetailViewController.swift */,
			);
			path = Controllers;
			sourceTree = "<group>";
		};
		2CD3C2C625CF652600BC0507 /* Views */ = {
			isa = PBXGroup;
			children = (
				2CD3C2C725CF652600BC0507 /* Cells */,
				2CD3C2CB25CF654900BC0507 /* ImageShadowOverlayView.swift */,
				2CD3C2D725CF97F100BC0507 /* HomeCollectionReusableView.swift */,
				2C88EFB325D07AF000150D54 /* ScrollingNavigationView.swift */,
				2CF14ED825D3192E000F1210 /* MenuTopView.swift */,
				2CF14EDF25D321A5000F1210 /* MenuView.swift */,
				2CAE645625D37788009A31F6 /* LoginView.swift */,
				2C0B793F25D447FE007D18D3 /* LoginTextField.swift */,
				2CAF5EF225D6D55A000322B9 /* DetailActionButton.swift */,
				2C69E85E25D8D964008502D8 /* TrendingReusableView.swift */,
			);
			path = Views;
			sourceTree = "<group>";
		};
		2CD3C2C725CF652600BC0507 /* Cells */ = {
			isa = PBXGroup;
			children = (
				2CD3C2C825CF652600BC0507 /* HomeImageCell.swift */,
				2CD3C2D425CF8B3500BC0507 /* HomeOrthogonalCell.swift */,
				2CBADA7725D89A330049935C /* TrendingCell.swift */,
			);
			path = Cells;
			sourceTree = "<group>";
		};
		2CD3C2CE25CF682E00BC0507 /* Models */ = {
			isa = PBXGroup;
			children = (
				2CD3C2D025CF686D00BC0507 /* ImagePlaceholder.swift */,
				2CBADA7425D897FC0049935C /* Trending.swift */,
			);
			path = Models;
			sourceTree = "<group>";
		};
		2CF14EDB25D31F65000F1210 /* Extensions */ = {
			isa = PBXGroup;
			children = (
				2CF14EDC25D31F7A000F1210 /* UIColor+extensions.swift */,
				2CF14EE525D33151000F1210 /* UIButton+extensions.swift */,
			);
			path = Extensions;
			sourceTree = "<group>";
		};
/* End PBXGroup section */

/* Begin PBXNativeTarget section */
		2CD3C29825CF04BB00BC0507 /* PicSplash */ = {
			isa = PBXNativeTarget;
			buildConfigurationList = 2CD3C2AD25CF04BE00BC0507 /* Build configuration list for PBXNativeTarget "PicSplash" */;
			buildPhases = (
				2CD3C29525CF04BB00BC0507 /* Sources */,
				2CD3C29625CF04BB00BC0507 /* Frameworks */,
				2CD3C29725CF04BB00BC0507 /* Resources */,
			);
			buildRules = (
			);
			dependencies = (
			);
			name = PicSplash;
			productName = PicSplash;
			productReference = 2CD3C29925CF04BB00BC0507 /* PicSplash.app */;
			productType = "com.apple.product-type.application";
		};
/* End PBXNativeTarget section */

/* Begin PBXProject section */
		2CD3C29125CF04BB00BC0507 /* Project object */ = {
			isa = PBXProject;
			attributes = {
				LastSwiftUpdateCheck = 1200;
				LastUpgradeCheck = 1200;
				TargetAttributes = {
					2CD3C29825CF04BB00BC0507 = {
						CreatedOnToolsVersion = 12.0.1;
					};
				};
			};
			buildConfigurationList = 2CD3C29425CF04BB00BC0507 /* Build configuration list for PBXProject "PicSplash" */;
			compatibilityVersion = "Xcode 9.3";
			developmentRegion = en;
			hasScannedForEncodings = 0;
			knownRegions = (
				en,
				Base,
			);
			mainGroup = 2CD3C29025CF04BB00BC0507;
			productRefGroup = 2CD3C29A25CF04BB00BC0507 /* Products */;
			projectDirPath = "";
			projectRoot = "";
			targets = (
				2CD3C29825CF04BB00BC0507 /* PicSplash */,
			);
		};
/* End PBXProject section */

/* Begin PBXResourcesBuildPhase section */
		2CD3C29725CF04BB00BC0507 /* Resources */ = {
			isa = PBXResourcesBuildPhase;
			buildActionMask = 2147483647;
			files = (
				2CD3C2A925CF04BE00BC0507 /* LaunchScreen.storyboard in Resources */,
				2CD3C2A625CF04BE00BC0507 /* Assets.xcassets in Resources */,
				2CD3C2A425CF04BB00BC0507 /* Main.storyboard in Resources */,
			);
			runOnlyForDeploymentPostprocessing = 0;
		};
/* End PBXResourcesBuildPhase section */

/* Begin PBXSourcesBuildPhase section */
		2CD3C29525CF04BB00BC0507 /* Sources */ = {
			isa = PBXSourcesBuildPhase;
			buildActionMask = 2147483647;
			files = (
				2C88EFB425D07AF000150D54 /* ScrollingNavigationView.swift in Sources */,
				2CF14EE025D321A5000F1210 /* MenuView.swift in Sources */,
				2CF14ED925D3192E000F1210 /* MenuTopView.swift in Sources */,
				2CD3C29D25CF04BB00BC0507 /* AppDelegate.swift in Sources */,
				2CAF5EF025D60095000322B9 /* DetailAnimator.swift in Sources */,
				2CAE2F6825D88F8E00DCC243 /* HomeViewController.swift in Sources */,
				2CF14EDD25D31F7A000F1210 /* UIColor+extensions.swift in Sources */,
				2CD3C2CC25CF654900BC0507 /* ImageShadowOverlayView.swift in Sources */,
				2CD3C2D125CF686D00BC0507 /* ImagePlaceholder.swift in Sources */,
				2CAF5EEC25D5EA31000322B9 /* DetailViewController.swift in Sources */,
				2CF14EE625D33151000F1210 /* UIButton+extensions.swift in Sources */,
				2C1F917F25D9776100BCCD87 /* ImageDownloadOperation.swift in Sources */,
				2C1F917B25D9762100BCCD87 /* AsyncOperation.swift in Sources */,
				2CAE645725D37788009A31F6 /* LoginView.swift in Sources */,
				2CBADA7525D897FC0049935C /* Trending.swift in Sources */,
				2C0B794025D447FE007D18D3 /* LoginTextField.swift in Sources */,
				2CBADA7825D89A330049935C /* TrendingCell.swift in Sources */,
				2CAF5EF325D6D55A000322B9 /* DetailActionButton.swift in Sources */,
				2C1F918225D97B9B00BCCD87 /* NetworkingManager.swift in Sources */,
				2CF14ED625D30EF4000F1210 /* MenuViewController.swift in Sources */,
				2CAE2F7325D895AB00DCC243 /* HomeViewController+SearchControllerViews.swift in Sources */,
				2CD3C2D525CF8B3500BC0507 /* HomeOrthogonalCell.swift in Sources */,
				2CD3C2D825CF97F100BC0507 /* HomeCollectionReusableView.swift in Sources */,
				2C69E85F25D8D964008502D8 /* TrendingReusableView.swift in Sources */,
				2CD3C2C925CF652600BC0507 /* HomeImageCell.swift in Sources */,
			);
			runOnlyForDeploymentPostprocessing = 0;
		};
/* End PBXSourcesBuildPhase section */

/* Begin PBXVariantGroup section */
		2CD3C2A225CF04BB00BC0507 /* Main.storyboard */ = {
			isa = PBXVariantGroup;
			children = (
				2CD3C2A325CF04BB00BC0507 /* Base */,
			);
			name = Main.storyboard;
			sourceTree = "<group>";
		};
		2CD3C2A725CF04BE00BC0507 /* LaunchScreen.storyboard */ = {
			isa = PBXVariantGroup;
			children = (
				2CD3C2A825CF04BE00BC0507 /* Base */,
			);
			name = LaunchScreen.storyboard;
			sourceTree = "<group>";
		};
/* End PBXVariantGroup section */

/* Begin XCBuildConfiguration section */
		2CD3C2AB25CF04BE00BC0507 /* Debug */ = {
			isa = XCBuildConfiguration;
			buildSettings = {
				ALWAYS_SEARCH_USER_PATHS = NO;
				CLANG_ANALYZER_NONNULL = YES;
				CLANG_ANALYZER_NUMBER_OBJECT_CONVERSION = YES_AGGRESSIVE;
				CLANG_CXX_LANGUAGE_STANDARD = "gnu++14";
				CLANG_CXX_LIBRARY = "libc++";
				CLANG_ENABLE_MODULES = YES;
				CLANG_ENABLE_OBJC_ARC = YES;
				CLANG_ENABLE_OBJC_WEAK = YES;
				CLANG_WARN_BLOCK_CAPTURE_AUTORELEASING = YES;
				CLANG_WARN_BOOL_CONVERSION = YES;
				CLANG_WARN_COMMA = YES;
				CLANG_WARN_CONSTANT_CONVERSION = YES;
				CLANG_WARN_DEPRECATED_OBJC_IMPLEMENTATIONS = YES;
				CLANG_WARN_DIRECT_OBJC_ISA_USAGE = YES_ERROR;
				CLANG_WARN_DOCUMENTATION_COMMENTS = YES;
				CLANG_WARN_EMPTY_BODY = YES;
				CLANG_WARN_ENUM_CONVERSION = YES;
				CLANG_WARN_INFINITE_RECURSION = YES;
				CLANG_WARN_INT_CONVERSION = YES;
				CLANG_WARN_NON_LITERAL_NULL_CONVERSION = YES;
				CLANG_WARN_OBJC_IMPLICIT_RETAIN_SELF = YES;
				CLANG_WARN_OBJC_LITERAL_CONVERSION = YES;
				CLANG_WARN_OBJC_ROOT_CLASS = YES_ERROR;
				CLANG_WARN_QUOTED_INCLUDE_IN_FRAMEWORK_HEADER = YES;
				CLANG_WARN_RANGE_LOOP_ANALYSIS = YES;
				CLANG_WARN_STRICT_PROTOTYPES = YES;
				CLANG_WARN_SUSPICIOUS_MOVE = YES;
				CLANG_WARN_UNGUARDED_AVAILABILITY = YES_AGGRESSIVE;
				CLANG_WARN_UNREACHABLE_CODE = YES;
				CLANG_WARN__DUPLICATE_METHOD_MATCH = YES;
				COPY_PHASE_STRIP = NO;
				DEBUG_INFORMATION_FORMAT = dwarf;
				ENABLE_STRICT_OBJC_MSGSEND = YES;
				ENABLE_TESTABILITY = YES;
				GCC_C_LANGUAGE_STANDARD = gnu11;
				GCC_DYNAMIC_NO_PIC = NO;
				GCC_NO_COMMON_BLOCKS = YES;
				GCC_OPTIMIZATION_LEVEL = 0;
				GCC_PREPROCESSOR_DEFINITIONS = (
					"DEBUG=1",
					"$(inherited)",
				);
				GCC_WARN_64_TO_32_BIT_CONVERSION = YES;
				GCC_WARN_ABOUT_RETURN_TYPE = YES_ERROR;
				GCC_WARN_UNDECLARED_SELECTOR = YES;
				GCC_WARN_UNINITIALIZED_AUTOS = YES_AGGRESSIVE;
				GCC_WARN_UNUSED_FUNCTION = YES;
				GCC_WARN_UNUSED_VARIABLE = YES;
				IPHONEOS_DEPLOYMENT_TARGET = 13.0;
				MTL_ENABLE_DEBUG_INFO = INCLUDE_SOURCE;
				MTL_FAST_MATH = YES;
				ONLY_ACTIVE_ARCH = YES;
				SDKROOT = iphoneos;
				SWIFT_ACTIVE_COMPILATION_CONDITIONS = DEBUG;
				SWIFT_OPTIMIZATION_LEVEL = "-Onone";
			};
			name = Debug;
		};
		2CD3C2AC25CF04BE00BC0507 /* Release */ = {
			isa = XCBuildConfiguration;
			buildSettings = {
				ALWAYS_SEARCH_USER_PATHS = NO;
				CLANG_ANALYZER_NONNULL = YES;
				CLANG_ANALYZER_NUMBER_OBJECT_CONVERSION = YES_AGGRESSIVE;
				CLANG_CXX_LANGUAGE_STANDARD = "gnu++14";
				CLANG_CXX_LIBRARY = "libc++";
				CLANG_ENABLE_MODULES = YES;
				CLANG_ENABLE_OBJC_ARC = YES;
				CLANG_ENABLE_OBJC_WEAK = YES;
				CLANG_WARN_BLOCK_CAPTURE_AUTORELEASING = YES;
				CLANG_WARN_BOOL_CONVERSION = YES;
				CLANG_WARN_COMMA = YES;
				CLANG_WARN_CONSTANT_CONVERSION = YES;
				CLANG_WARN_DEPRECATED_OBJC_IMPLEMENTATIONS = YES;
				CLANG_WARN_DIRECT_OBJC_ISA_USAGE = YES_ERROR;
				CLANG_WARN_DOCUMENTATION_COMMENTS = YES;
				CLANG_WARN_EMPTY_BODY = YES;
				CLANG_WARN_ENUM_CONVERSION = YES;
				CLANG_WARN_INFINITE_RECURSION = YES;
				CLANG_WARN_INT_CONVERSION = YES;
				CLANG_WARN_NON_LITERAL_NULL_CONVERSION = YES;
				CLANG_WARN_OBJC_IMPLICIT_RETAIN_SELF = YES;
				CLANG_WARN_OBJC_LITERAL_CONVERSION = YES;
				CLANG_WARN_OBJC_ROOT_CLASS = YES_ERROR;
				CLANG_WARN_QUOTED_INCLUDE_IN_FRAMEWORK_HEADER = YES;
				CLANG_WARN_RANGE_LOOP_ANALYSIS = YES;
				CLANG_WARN_STRICT_PROTOTYPES = YES;
				CLANG_WARN_SUSPICIOUS_MOVE = YES;
				CLANG_WARN_UNGUARDED_AVAILABILITY = YES_AGGRESSIVE;
				CLANG_WARN_UNREACHABLE_CODE = YES;
				CLANG_WARN__DUPLICATE_METHOD_MATCH = YES;
				COPY_PHASE_STRIP = NO;
				DEBUG_INFORMATION_FORMAT = "dwarf-with-dsym";
				ENABLE_NS_ASSERTIONS = NO;
				ENABLE_STRICT_OBJC_MSGSEND = YES;
				GCC_C_LANGUAGE_STANDARD = gnu11;
				GCC_NO_COMMON_BLOCKS = YES;
				GCC_WARN_64_TO_32_BIT_CONVERSION = YES;
				GCC_WARN_ABOUT_RETURN_TYPE = YES_ERROR;
				GCC_WARN_UNDECLARED_SELECTOR = YES;
				GCC_WARN_UNINITIALIZED_AUTOS = YES_AGGRESSIVE;
				GCC_WARN_UNUSED_FUNCTION = YES;
				GCC_WARN_UNUSED_VARIABLE = YES;
				IPHONEOS_DEPLOYMENT_TARGET = 13.0;
				MTL_ENABLE_DEBUG_INFO = NO;
				MTL_FAST_MATH = YES;
				SDKROOT = iphoneos;
				SWIFT_COMPILATION_MODE = wholemodule;
				SWIFT_OPTIMIZATION_LEVEL = "-O";
				VALIDATE_PRODUCT = YES;
			};
			name = Release;
		};
		2CD3C2AE25CF04BE00BC0507 /* Debug */ = {
			isa = XCBuildConfiguration;
			buildSettings = {
				ASSETCATALOG_COMPILER_APPICON_NAME = AppIcon;
				ASSETCATALOG_COMPILER_GLOBAL_ACCENT_COLOR_NAME = AccentColor;
				CODE_SIGN_STYLE = Automatic;
				DEVELOPMENT_TEAM = 7TX7D7Z677;
				INFOPLIST_FILE = PicSplash/Info.plist;
				IPHONEOS_DEPLOYMENT_TARGET = 13.0;
				LD_RUNPATH_SEARCH_PATHS = (
					"$(inherited)",
					"@executable_path/Frameworks",
				);
				PRODUCT_BUNDLE_IDENTIFIER = mkKreations.PicSplash;
				PRODUCT_NAME = "$(TARGET_NAME)";
				SWIFT_VERSION = 5.0;
				TARGETED_DEVICE_FAMILY = 1;
			};
			name = Debug;
		};
		2CD3C2AF25CF04BE00BC0507 /* Release */ = {
			isa = XCBuildConfiguration;
			buildSettings = {
				ASSETCATALOG_COMPILER_APPICON_NAME = AppIcon;
				ASSETCATALOG_COMPILER_GLOBAL_ACCENT_COLOR_NAME = AccentColor;
				CODE_SIGN_STYLE = Automatic;
				DEVELOPMENT_TEAM = 7TX7D7Z677;
				INFOPLIST_FILE = PicSplash/Info.plist;
				IPHONEOS_DEPLOYMENT_TARGET = 13.0;
				LD_RUNPATH_SEARCH_PATHS = (
					"$(inherited)",
					"@executable_path/Frameworks",
				);
				PRODUCT_BUNDLE_IDENTIFIER = mkKreations.PicSplash;
				PRODUCT_NAME = "$(TARGET_NAME)";
				SWIFT_VERSION = 5.0;
				TARGETED_DEVICE_FAMILY = 1;
			};
			name = Release;
		};
/* End XCBuildConfiguration section */

/* Begin XCConfigurationList section */
		2CD3C29425CF04BB00BC0507 /* Build configuration list for PBXProject "PicSplash" */ = {
			isa = XCConfigurationList;
			buildConfigurations = (
				2CD3C2AB25CF04BE00BC0507 /* Debug */,
				2CD3C2AC25CF04BE00BC0507 /* Release */,
			);
			defaultConfigurationIsVisible = 0;
			defaultConfigurationName = Release;
		};
		2CD3C2AD25CF04BE00BC0507 /* Build configuration list for PBXNativeTarget "PicSplash" */ = {
			isa = XCConfigurationList;
			buildConfigurations = (
				2CD3C2AE25CF04BE00BC0507 /* Debug */,
				2CD3C2AF25CF04BE00BC0507 /* Release */,
			);
			defaultConfigurationIsVisible = 0;
			defaultConfigurationName = Release;
		};
/* End XCConfigurationList section */
	};
	rootObject = 2CD3C29125CF04BB00BC0507 /* Project object */;
}
